
Microsoft Visual Studio Solution File, Format Version 12.00
# Visual Studio 2013
VisualStudioVersion = 12.0.31101.0
MinimumVisualStudioVersion = 10.0.40219.1
Project("{FAE04EC0-301F-11D3-BF4B-00C04F79EFBC}") = "Inconspicuous", "Inconspicuous\Inconspicuous.csproj", "{A3A76E58-0EA7-4BB5-B73C-9289B89670D6}"
EndProject
Project("{FAE04EC0-301F-11D3-BF4B-00C04F79EFBC}") = "Inconspicuous.Framework", "Inconspicuous.Framework\Inconspicuous.Framework.csproj", "{15FAE9F5-24A1-4B02-B264-0D0AD021E433}"
EndProject
Project("{FAE04EC0-301F-11D3-BF4B-00C04F79EFBC}") = "Inconspicuous.Framework.Editor", "Inconspicuous.Framework.Editor\Inconspicuous.Framework.Editor.csproj", "{36619D93-C32F-4EAF-AD04-D7BB5167EC76}"
EndProject
Project("{FAE04EC0-301F-11D3-BF4B-00C04F79EFBC}") = "Inconspicuous.Editor", "Inconspicuous.Editor\Inconspicuous.Editor.csproj", "{4C36E3DF-A46B-42DA-9F5F-C89F924867BA}"
EndProject
Global
	GlobalSection(SolutionConfigurationPlatforms) = preSolution
		Debug|Any CPU = Debug|Any CPU
		Release|Any CPU = Release|Any CPU
	EndGlobalSection
	GlobalSection(ProjectConfigurationPlatforms) = postSolution
		{A3A76E58-0EA7-4BB5-B73C-9289B89670D6}.Debug|Any CPU.ActiveCfg = Debug|Any CPU
		{A3A76E58-0EA7-4BB5-B73C-9289B89670D6}.Debug|Any CPU.Build.0 = Debug|Any CPU
		{A3A76E58-0EA7-4BB5-B73C-9289B89670D6}.Release|Any CPU.ActiveCfg = Release|Any CPU
		{A3A76E58-0EA7-4BB5-B73C-9289B89670D6}.Release|Any CPU.Build.0 = Release|Any CPU
		{15FAE9F5-24A1-4B02-B264-0D0AD021E433}.Debug|Any CPU.ActiveCfg = Debug|Any CPU
		{15FAE9F5-24A1-4B02-B264-0D0AD021E433}.Debug|Any CPU.Build.0 = Debug|Any CPU
		{15FAE9F5-24A1-4B02-B264-0D0AD021E433}.Release|Any CPU.ActiveCfg = Release|Any CPU
		{15FAE9F5-24A1-4B02-B264-0D0AD021E433}.Release|Any CPU.Build.0 = Release|Any CPU
		{36619D93-C32F-4EAF-AD04-D7BB5167EC76}.Debug|Any CPU.ActiveCfg = Debug|Any CPU
		{36619D93-C32F-4EAF-AD04-D7BB5167EC76}.Debug|Any CPU.Build.0 = Debug|Any CPU
		{36619D93-C32F-4EAF-AD04-D7BB5167EC76}.Release|Any CPU.ActiveCfg = Release|Any CPU
		{36619D93-C32F-4EAF-AD04-D7BB5167EC76}.Release|Any CPU.Build.0 = Release|Any CPU
		{4C36E3DF-A46B-42DA-9F5F-C89F924867BA}.Debug|Any CPU.ActiveCfg = Debug|Any CPU
		{4C36E3DF-A46B-42DA-9F5F-C89F924867BA}.Debug|Any CPU.Build.0 = Debug|Any CPU
		{4C36E3DF-A46B-42DA-9F5F-C89F924867BA}.Release|Any CPU.ActiveCfg = Release|Any CPU
		{4C36E3DF-A46B-42DA-9F5F-C89F924867BA}.Release|Any CPU.Build.0 = Release|Any CPU
	EndGlobalSection
	GlobalSection(SolutionProperties) = preSolution
		HideSolutionNode = FALSE
	EndGlobalSection
EndGlobal
